
Microsoft Visual Studio Solution File, Format Version 12.00
# Visual Studio Version 17
VisualStudioVersion = 17.12.35728.132
MinimumVisualStudioVersion = 10.0.40219.1
Project("{FAE04EC0-301F-11D3-BF4B-00C04F79EFBC}") = "BookStore.API", "BookStore.API\BookStore.API.csproj", "{8C205643-503E-42DF-9A56-94ABD8440C1F}"
EndProject
Project("{FAE04EC0-301F-11D3-BF4B-00C04F79EFBC}") = "BookStore.Core", "BookStore.Core\BookStore.Core.csproj", "{D44433AB-5491-4668-A04F-6F7A5072C342}"
EndProject
Project("{FAE04EC0-301F-11D3-BF4B-00C04F79EFBC}") = "BookStrore.DataAccess", "BookStrore.DataAccess\BookStrore.DataAccess.csproj", "{C3B8F748-A2A5-432F-B996-041AB5EDBDE6}"
EndProject
Project("{FAE04EC0-301F-11D3-BF4B-00C04F79EFBC}") = "BookStore.Application", "BookStore.Application\BookStore.Application.csproj", "{7196F0A2-2135-4B96-93B9-0156BC11696E}"
EndProject
Global
	GlobalSection(SolutionConfigurationPlatforms) = preSolution
		Debug|Any CPU = Debug|Any CPU
		Debug|x64 = Debug|x64
		Debug|x86 = Debug|x86
		Release|Any CPU = Release|Any CPU
		Release|x64 = Release|x64
		Release|x86 = Release|x86
	EndGlobalSection
	GlobalSection(ProjectConfigurationPlatforms) = postSolution
		{8C205643-503E-42DF-9A56-94ABD8440C1F}.Debug|Any CPU.ActiveCfg = Debug|Any CPU
		{8C205643-503E-42DF-9A56-94ABD8440C1F}.Debug|Any CPU.Build.0 = Debug|Any CPU
		{8C205643-503E-42DF-9A56-94ABD8440C1F}.Debug|x64.ActiveCfg = Debug|Any CPU
		{8C205643-503E-42DF-9A56-94ABD8440C1F}.Debug|x64.Build.0 = Debug|Any CPU
		{8C205643-503E-42DF-9A56-94ABD8440C1F}.Debug|x86.ActiveCfg = Debug|Any CPU
		{8C205643-503E-42DF-9A56-94ABD8440C1F}.Debug|x86.Build.0 = Debug|Any CPU
		{8C205643-503E-42DF-9A56-94ABD8440C1F}.Release|Any CPU.ActiveCfg = Release|Any CPU
		{8C205643-503E-42DF-9A56-94ABD8440C1F}.Release|Any CPU.Build.0 = Release|Any CPU
		{8C205643-503E-42DF-9A56-94ABD8440C1F}.Release|x64.ActiveCfg = Release|Any CPU
		{8C205643-503E-42DF-9A56-94ABD8440C1F}.Release|x64.Build.0 = Release|Any CPU
		{8C205643-503E-42DF-9A56-94ABD8440C1F}.Release|x86.ActiveCfg = Release|Any CPU
		{8C205643-503E-42DF-9A56-94ABD8440C1F}.Release|x86.Build.0 = Release|Any CPU
		{D44433AB-5491-4668-A04F-6F7A5072C342}.Debug|Any CPU.ActiveCfg = Debug|Any CPU
		{D44433AB-5491-4668-A04F-6F7A5072C342}.Debug|Any CPU.Build.0 = Debug|Any CPU
		{D44433AB-5491-4668-A04F-6F7A5072C342}.Debug|x64.ActiveCfg = Debug|Any CPU
		{D44433AB-5491-4668-A04F-6F7A5072C342}.Debug|x64.Build.0 = Debug|Any CPU
		{D44433AB-5491-4668-A04F-6F7A5072C342}.Debug|x86.ActiveCfg = Debug|Any CPU
		{D44433AB-5491-4668-A04F-6F7A5072C342}.Debug|x86.Build.0 = Debug|Any CPU
		{D44433AB-5491-4668-A04F-6F7A5072C342}.Release|Any CPU.ActiveCfg = Release|Any CPU
		{D44433AB-5491-4668-A04F-6F7A5072C342}.Release|Any CPU.Build.0 = Release|Any CPU
		{D44433AB-5491-4668-A04F-6F7A5072C342}.Release|x64.ActiveCfg = Release|Any CPU
		{D44433AB-5491-4668-A04F-6F7A5072C342}.Release|x64.Build.0 = Release|Any CPU
		{D44433AB-5491-4668-A04F-6F7A5072C342}.Release|x86.ActiveCfg = Release|Any CPU
		{D44433AB-5491-4668-A04F-6F7A5072C342}.Release|x86.Build.0 = Release|Any CPU
		{C3B8F748-A2A5-432F-B996-041AB5EDBDE6}.Debug|Any CPU.ActiveCfg = Debug|Any CPU
		{C3B8F748-A2A5-432F-B996-041AB5EDBDE6}.Debug|Any CPU.Build.0 = Debug|Any CPU
		{C3B8F748-A2A5-432F-B996-041AB5EDBDE6}.Debug|x64.ActiveCfg = Debug|Any CPU
		{C3B8F748-A2A5-432F-B996-041AB5EDBDE6}.Debug|x64.Build.0 = Debug|Any CPU
		{C3B8F748-A2A5-432F-B996-041AB5EDBDE6}.Debug|x86.ActiveCfg = Debug|Any CPU
		{C3B8F748-A2A5-432F-B996-041AB5EDBDE6}.Debug|x86.Build.0 = Debug|Any CPU
		{C3B8F748-A2A5-432F-B996-041AB5EDBDE6}.Release|Any CPU.ActiveCfg = Release|Any CPU
		{C3B8F748-A2A5-432F-B996-041AB5EDBDE6}.Release|Any CPU.Build.0 = Release|Any CPU
		{C3B8F748-A2A5-432F-B996-041AB5EDBDE6}.Release|x64.ActiveCfg = Release|Any CPU
		{C3B8F748-A2A5-432F-B996-041AB5EDBDE6}.Release|x64.Build.0 = Release|Any CPU
		{C3B8F748-A2A5-432F-B996-041AB5EDBDE6}.Release|x86.ActiveCfg = Release|Any CPU
		{C3B8F748-A2A5-432F-B996-041AB5EDBDE6}.Release|x86.Build.0 = Release|Any CPU
		{7196F0A2-2135-4B96-93B9-0156BC11696E}.Debug|Any CPU.ActiveCfg = Debug|Any CPU
		{7196F0A2-2135-4B96-93B9-0156BC11696E}.Debug|Any CPU.Build.0 = Debug|Any CPU
		{7196F0A2-2135-4B96-93B9-0156BC11696E}.Debug|x64.ActiveCfg = Debug|Any CPU
		{7196F0A2-2135-4B96-93B9-0156BC11696E}.Debug|x64.Build.0 = Debug|Any CPU
		{7196F0A2-2135-4B96-93B9-0156BC11696E}.Debug|x86.ActiveCfg = Debug|Any CPU
		{7196F0A2-2135-4B96-93B9-0156BC11696E}.Debug|x86.Build.0 = Debug|Any CPU
		{7196F0A2-2135-4B96-93B9-0156BC11696E}.Release|Any CPU.ActiveCfg = Release|Any CPU
		{7196F0A2-2135-4B96-93B9-0156BC11696E}.Release|Any CPU.Build.0 = Release|Any CPU
		{7196F0A2-2135-4B96-93B9-0156BC11696E}.Release|x64.ActiveCfg = Release|Any CPU
		{7196F0A2-2135-4B96-93B9-0156BC11696E}.Release|x64.Build.0 = Release|Any CPU
		{7196F0A2-2135-4B96-93B9-0156BC11696E}.Release|x86.ActiveCfg = Release|Any CPU
		{7196F0A2-2135-4B96-93B9-0156BC11696E}.Release|x86.Build.0 = Release|Any CPU
	EndGlobalSection
	GlobalSection(SolutionProperties) = preSolution
		HideSolutionNode = FALSE
	EndGlobalSection
EndGlobal
